
Microsoft Visual Studio Solution File, Format Version 12.00
# Visual Studio 14
VisualStudioVersion = 14.0.25420.1
MinimumVisualStudioVersion = 10.0.40219.1
Project("{F184B08F-C81C-45F6-A57F-5ABD9991F28F}") = "TMWGeoLocationUpdate", "TMWGeoLocationUpdate\TMWGeoLocationUpdate.vbproj", "{23139209-600A-4F7D-B013-18A435EE498D}"
EndProject
Project("{FAE04EC0-301F-11D3-BF4B-00C04F79EFBC}") = "CSharpGeoUpdate", "CSharpGeoUpdate\CSharpGeoUpdate.csproj", "{EA53E30D-1B92-4152-81AD-50B6ADF84973}"
EndProject
Project("{FAE04EC0-301F-11D3-BF4B-00C04F79EFBC}") = "GenericParsing", "GenericParsing\GenericParsing.csproj", "{ADD325F8-CBD9-43FE-850D-E2F34D736C9D}"
EndProject
Global
	GlobalSection(SolutionConfigurationPlatforms) = preSolution
		Debug|Any CPU = Debug|Any CPU
		Release|Any CPU = Release|Any CPU
	EndGlobalSection
	GlobalSection(ProjectConfigurationPlatforms) = postSolution
		{23139209-600A-4F7D-B013-18A435EE498D}.Debug|Any CPU.ActiveCfg = Debug|Any CPU
		{23139209-600A-4F7D-B013-18A435EE498D}.Debug|Any CPU.Build.0 = Debug|Any CPU
		{23139209-600A-4F7D-B013-18A435EE498D}.Release|Any CPU.ActiveCfg = Release|Any CPU
		{23139209-600A-4F7D-B013-18A435EE498D}.Release|Any CPU.Build.0 = Release|Any CPU
		{EA53E30D-1B92-4152-81AD-50B6ADF84973}.Debug|Any CPU.ActiveCfg = Debug|Any CPU
		{EA53E30D-1B92-4152-81AD-50B6ADF84973}.Debug|Any CPU.Build.0 = Debug|Any CPU
		{EA53E30D-1B92-4152-81AD-50B6ADF84973}.Release|Any CPU.ActiveCfg = Release|Any CPU
		{EA53E30D-1B92-4152-81AD-50B6ADF84973}.Release|Any CPU.Build.0 = Release|Any CPU
		{ADD325F8-CBD9-43FE-850D-E2F34D736C9D}.Debug|Any CPU.ActiveCfg = Debug|Any CPU
		{ADD325F8-CBD9-43FE-850D-E2F34D736C9D}.Debug|Any CPU.Build.0 = Debug|Any CPU
		{ADD325F8-CBD9-43FE-850D-E2F34D736C9D}.Release|Any CPU.ActiveCfg = Release|Any CPU
		{ADD325F8-CBD9-43FE-850D-E2F34D736C9D}.Release|Any CPU.Build.0 = Release|Any CPU
	EndGlobalSection
	GlobalSection(SolutionProperties) = preSolution
		HideSolutionNode = FALSE
	EndGlobalSection
EndGlobal
